<?xml version="1.0" encoding="UTF-8"?>
<Scheme
   LastUpgradeVersion = "2620"
   version = "1.7">
   <!-- Alamofire iOS フレームワークとテストターゲットをどの用途でビルドするかを定義します。 -->
   <BuildAction
      parallelizeBuildables = "YES"
      buildImplicitDependencies = "YES">
      <BuildActionEntries>
         <BuildActionEntry
            buildForTesting = "YES"
            buildForRunning = "YES"
            buildForProfiling = "YES"
            buildForArchiving = "YES"
            buildForAnalyzing = "YES">
            <BuildableReference
               BuildableIdentifier = "primary"
               BlueprintIdentifier = "F8111E3219A95C8B0040E7D1"
               BuildableName = "Alamofire.framework"
               BlueprintName = "Alamofire iOS"
               ReferencedContainer = "container:Alamofire.xcodeproj">
            </BuildableReference>
         </BuildActionEntry>
         <BuildActionEntry
            buildForTesting = "YES"
            buildForRunning = "NO"
            buildForProfiling = "NO"
            buildForArchiving = "NO"
            buildForAnalyzing = "NO">
            <BuildableReference
               BuildableIdentifier = "primary"
               BlueprintIdentifier = "F8111E3D19A95C8B0040E7D1"
               BuildableName = "Alamofire iOS Tests.xctest"
               BlueprintName = "Alamofire iOS Tests"
               ReferencedContainer = "container:Alamofire.xcodeproj">
            </BuildableReference>
         </BuildActionEntry>
      </BuildActionEntries>
   </BuildAction>
   <!-- Debug 構成で iOS テストを実行し、Alamofire.framework のコードカバレッジを取得します。 -->
   <TestAction
      buildConfiguration = "Debug"
      selectedDebuggerIdentifier = "Xcode.DebuggerFoundation.Debugger.LLDB"
      selectedLauncherIdentifier = "Xcode.DebuggerFoundation.Launcher.LLDB"
      shouldUseLaunchSchemeArgsEnv = "NO"
      codeCoverageEnabled = "YES"
      onlyGenerateCoverageForSpecifiedTargets = "YES">
      <MacroExpansion>
         <BuildableReference
            BuildableIdentifier = "primary"
            BlueprintIdentifier = "F8111E3219A95C8B0040E7D1"
            BuildableName = "Alamofire.framework"
            BlueprintName = "Alamofire iOS"
            ReferencedContainer = "container:Alamofire.xcodeproj">
         </BuildableReference>
      </MacroExpansion>
      <AdditionalOptions>
         <AdditionalOption
            key = "NSZombieEnabled"
            value = "YES"
            isEnabled = "YES">
         </AdditionalOption>
      </AdditionalOptions>
      <CodeCoverageTargets>
         <BuildableReference
            BuildableIdentifier = "primary"
            BlueprintIdentifier = "F8111E3219A95C8B0040E7D1"
            BuildableName = "Alamofire.framework"
            BlueprintName = "Alamofire iOS"
            ReferencedContainer = "container:Alamofire.xcodeproj">
         </BuildableReference>
      </CodeCoverageTargets>
      <TestPlans>
         <TestPlanReference
            reference = "container:Tests/Test Plans/iOS.xctestplan"
            default = "YES">
         </TestPlanReference>
      </TestPlans>
      <Testables>
         <TestableReference
            skipped = "NO">
            <BuildableReference
               BuildableIdentifier = "primary"
               BlueprintIdentifier = "F8111E3D19A95C8B0040E7D1"
               BuildableName = "Alamofire iOS Tests.xctest"
               BlueprintName = "Alamofire iOS Tests"
               ReferencedContainer = "container:Alamofire.xcodeproj">
            </BuildableReference>
         </TestableReference>
      </Testables>
   </TestAction>
   <!-- Debug 構成で Alamofire iOS を実行するときのデバッガーと起動オプションを定義します。 -->
   <LaunchAction
      buildConfiguration = "Debug"
      selectedDebuggerIdentifier = "Xcode.DebuggerFoundation.Debugger.LLDB"
      selectedLauncherIdentifier = "Xcode.DebuggerFoundation.Launcher.LLDB"
      disableMainThreadChecker = "YES"
      launchStyle = "0"
      useCustomWorkingDirectory = "NO"
      ignoresPersistentStateOnLaunch = "NO"
      debugDocumentVersioning = "YES"
      debugServiceExtension = "internal"
      enableGPUValidationMode = "1"
      allowLocationSimulation = "YES">
      <MacroExpansion>
         <BuildableReference
            BuildableIdentifier = "primary"
            BlueprintIdentifier = "F8111E3219A95C8B0040E7D1"
            BuildableName = "Alamofire.framework"
            BlueprintName = "Alamofire iOS"
            ReferencedContainer = "container:Alamofire.xcodeproj">
         </BuildableReference>
      </MacroExpansion>
   </LaunchAction>
   <!-- Release 構成でパフォーマンス計測するときの対象ターゲットを定義します。 -->
   <ProfileAction
      buildConfiguration = "Release"
      shouldUseLaunchSchemeArgsEnv = "YES"
      savedToolIdentifier = ""
      useCustomWorkingDirectory = "NO"
      debugDocumentVersioning = "YES">
      <MacroExpansion>
         <BuildableReference
            BuildableIdentifier = "primary"
            BlueprintIdentifier = "F8111E3219A95C8B0040E7D1"
            BuildableName = "Alamofire.framework"
            BlueprintName = "Alamofire iOS"
            ReferencedContainer = "container:Alamofire.xcodeproj">
         </BuildableReference>
      </MacroExpansion>
   </ProfileAction>
   <!-- 静的解析を Debug 構成で実行する設定です。 -->
   <AnalyzeAction
      buildConfiguration = "Debug">
   </AnalyzeAction>
   <!-- アーカイブを Release 構成で作成し、完了後に Organizer に表示する設定です。 -->
   <ArchiveAction
      buildConfiguration = "Release"
      revealArchiveInOrganizer = "YES">
   </ArchiveAction>
</Scheme>
